// !$*UTF8*$!
{
	archiveVersion = 1;
	classes = {
	};
	objectVersion = 55;
	objects = {

/* Begin PBXBuildFile section */
		782F2A1B2922F38600CAB4C5 /* AppDelegate.swift in Sources */ = {isa = PBXBuildFile; fileRef = 782F2A1A2922F38600CAB4C5 /* AppDelegate.swift */; };
		782F2A1D2922F38600CAB4C5 /* SceneDelegate.swift in Sources */ = {isa = PBXBuildFile; fileRef = 782F2A1C2922F38600CAB4C5 /* SceneDelegate.swift */; };
		782F2A1F2922F38600CAB4C5 /* LoginViewController.swift in Sources */ = {isa = PBXBuildFile; fileRef = 782F2A1E2922F38600CAB4C5 /* LoginViewController.swift */; };
		782F2A242922F3FD00CAB4C5 /* Assets.xcassets in Resources */ = {isa = PBXBuildFile; fileRef = 782F2A232922F3FD00CAB4C5 /* Assets.xcassets */; };
		782F2A272922F3FD00CAB4C5 /* LaunchScreen.storyboard in Resources */ = {isa = PBXBuildFile; fileRef = 782F2A252922F3FD00CAB4C5 /* LaunchScreen.storyboard */; };
		782F2A312923091D00CAB4C5 /* MainButton.swift in Sources */ = {isa = PBXBuildFile; fileRef = 782F2A302923091D00CAB4C5 /* MainButton.swift */; };
		782F2A332923092C00CAB4C5 /* MainTextField.swift in Sources */ = {isa = PBXBuildFile; fileRef = 782F2A322923092C00CAB4C5 /* MainTextField.swift */; };
		782F2A3729230A4700CAB4C5 /* Colors.swift in Sources */ = {isa = PBXBuildFile; fileRef = 782F2A3629230A4700CAB4C5 /* Colors.swift */; };
		782F2A3929230FC100CAB4C5 /* TextField.swift in Sources */ = {isa = PBXBuildFile; fileRef = 782F2A3829230FC100CAB4C5 /* TextField.swift */; };
		782F2A3D2923428200CAB4C5 /* SignUpViewController.swift in Sources */ = {isa = PBXBuildFile; fileRef = 782F2A3C2923428200CAB4C5 /* SignUpViewController.swift */; };
		784D9E49292DC57F009238AD /* UILabel.swift in Sources */ = {isa = PBXBuildFile; fileRef = 784D9E48292DC57F009238AD /* UILabel.swift */; };
		784D9E4C292DD13D009238AD /* TabBarController.swift in Sources */ = {isa = PBXBuildFile; fileRef = 784D9E4B292DD13D009238AD /* TabBarController.swift */; };
		784D9E4E292DD1BE009238AD /* HomeViewController.swift in Sources */ = {isa = PBXBuildFile; fileRef = 784D9E4D292DD1BE009238AD /* HomeViewController.swift */; };
		784D9E50292DD1CB009238AD /* FavoritesViewController.swift in Sources */ = {isa = PBXBuildFile; fileRef = 784D9E4F292DD1CB009238AD /* FavoritesViewController.swift */; };
		784D9E52292DD1D4009238AD /* AddViewController.swift in Sources */ = {isa = PBXBuildFile; fileRef = 784D9E51292DD1D3009238AD /* AddViewController.swift */; };
		784D9E54292DD1DA009238AD /* GeneratorViewController.swift in Sources */ = {isa = PBXBuildFile; fileRef = 784D9E53292DD1DA009238AD /* GeneratorViewController.swift */; };
		784D9E56292DD1E1009238AD /* SettingsViewController.swift in Sources */ = {isa = PBXBuildFile; fileRef = 784D9E55292DD1E1009238AD /* SettingsViewController.swift */; };
		784D9E58292DD621009238AD /* BarView.swift in Sources */ = {isa = PBXBuildFile; fileRef = 784D9E57292DD621009238AD /* BarView.swift */; };
		784D9E5A292E6111009238AD /* AppleAuth.swift in Sources */ = {isa = PBXBuildFile; fileRef = 784D9E59292E6111009238AD /* AppleAuth.swift */; };
		784D9E5C292E6127009238AD /* GoogleAuth.swift in Sources */ = {isa = PBXBuildFile; fileRef = 784D9E5B292E6127009238AD /* GoogleAuth.swift */; };
		784D9E60292E657F009238AD /* UIViewController.swift in Sources */ = {isa = PBXBuildFile; fileRef = 784D9E5F292E657F009238AD /* UIViewController.swift */; };
		7867EC75297A057C007AE227 /* StrengthType.swift in Sources */ = {isa = PBXBuildFile; fileRef = 7867EC74297A057C007AE227 /* StrengthType.swift */; };
		7867EC77297AC3FD007AE227 /* ImageNetworking.swift in Sources */ = {isa = PBXBuildFile; fileRef = 7867EC76297AC3FD007AE227 /* ImageNetworking.swift */; };
		7867EC79297C6594007AE227 /* Card.swift in Sources */ = {isa = PBXBuildFile; fileRef = 7867EC78297C6594007AE227 /* Card.swift */; };
		7867EC7B297C662B007AE227 /* CardType.swift in Sources */ = {isa = PBXBuildFile; fileRef = 7867EC7A297C662B007AE227 /* CardType.swift */; };
		7867EC7E297C6EE9007AE227 /* CardCell.swift in Sources */ = {isa = PBXBuildFile; fileRef = 7867EC7D297C6EE9007AE227 /* CardCell.swift */; };
		78C3E09B2923478800F7270C /* Validator.swift in Sources */ = {isa = PBXBuildFile; fileRef = 78C3E09A2923478800F7270C /* Validator.swift */; };
		78C3E09D2923487500F7270C /* Alerts.swift in Sources */ = {isa = PBXBuildFile; fileRef = 78C3E09C2923487500F7270C /* Alerts.swift */; };
		78C3E0A029234CFC00F7270C /* LoadingDialog.swift in Sources */ = {isa = PBXBuildFile; fileRef = 78C3E09F29234CFC00F7270C /* LoadingDialog.swift */; };
		78C3E0A22923BF3100F7270C /* ForgotPassswordViewController.swift in Sources */ = {isa = PBXBuildFile; fileRef = 78C3E0A12923BF3100F7270C /* ForgotPassswordViewController.swift */; };
		78C3E0A52923C32300F7270C /* FirebaseAPI.swift in Sources */ = {isa = PBXBuildFile; fileRef = 78C3E0A42923C32300F7270C /* FirebaseAPI.swift */; };
		78DBE3B22930FEFD0006AE36 /* Dates.swift in Sources */ = {isa = PBXBuildFile; fileRef = 78DBE3B12930FEFD0006AE36 /* Dates.swift */; };
		78DBE3B4293100E10006AE36 /* SetupBiometrics.swift in Sources */ = {isa = PBXBuildFile; fileRef = 78DBE3B3293100E10006AE36 /* SetupBiometrics.swift */; };
		78DBE3B6293103FF0006AE36 /* Haptic.swift in Sources */ = {isa = PBXBuildFile; fileRef = 78DBE3B5293103FF0006AE36 /* Haptic.swift */; };
		78DBE3B829310C750006AE36 /* Biometrics.swift in Sources */ = {isa = PBXBuildFile; fileRef = 78DBE3B729310C750006AE36 /* Biometrics.swift */; };
		78DBE3BA29310D240006AE36 /* UIImageView.swift in Sources */ = {isa = PBXBuildFile; fileRef = 78DBE3B929310D240006AE36 /* UIImageView.swift */; };
		78DBE3BC2931186F0006AE36 /* BiometricsEntry.swift in Sources */ = {isa = PBXBuildFile; fileRef = 78DBE3BB2931186F0006AE36 /* BiometricsEntry.swift */; };
		78DBE3BE293267BF0006AE36 /* LengthView.swift in Sources */ = {isa = PBXBuildFile; fileRef = 78DBE3BD293267BF0006AE36 /* LengthView.swift */; };
		78DBE3C029326E6D0006AE36 /* PreferenceView.swift in Sources */ = {isa = PBXBuildFile; fileRef = 78DBE3BF29326E6D0006AE36 /* PreferenceView.swift */; };
		78DBE3C22932712D0006AE36 /* Preference.swift in Sources */ = {isa = PBXBuildFile; fileRef = 78DBE3C12932712D0006AE36 /* Preference.swift */; };
		78DBE3C429327E150006AE36 /* PasswordGenerator.swift in Sources */ = {isa = PBXBuildFile; fileRef = 78DBE3C329327E150006AE36 /* PasswordGenerator.swift */; };
		78DBE3C62932813A0006AE36 /* PasswordPopup.swift in Sources */ = {isa = PBXBuildFile; fileRef = 78DBE3C52932813A0006AE36 /* PasswordPopup.swift */; };
		97051471295F337B004C4EF3 /* MainOptionView.swift in Sources */ = {isa = PBXBuildFile; fileRef = 97051470295F337B004C4EF3 /* MainOptionView.swift */; };
		97051473295F4744004C4EF3 /* MainOptionViewChoice.swift in Sources */ = {isa = PBXBuildFile; fileRef = 97051472295F4744004C4EF3 /* MainOptionViewChoice.swift */; };
		97051475295F4D9F004C4EF3 /* AccountsViewController.swift in Sources */ = {isa = PBXBuildFile; fileRef = 97051474295F4D9F004C4EF3 /* AccountsViewController.swift */; };
		97051477295F52DD004C4EF3 /* AccountCell.swift in Sources */ = {isa = PBXBuildFile; fileRef = 97051476295F52DD004C4EF3 /* AccountCell.swift */; };
		970514792964D0D9004C4EF3 /* CardsViewController.swift in Sources */ = {isa = PBXBuildFile; fileRef = 970514782964D0D9004C4EF3 /* CardsViewController.swift */; };
		9705147B2965CDEA004C4EF3 /* NormalTextField.swift in Sources */ = {isa = PBXBuildFile; fileRef = 9705147A2965CDEA004C4EF3 /* NormalTextField.swift */; };
		9705147D29676C14004C4EF3 /* SettingsView.swift in Sources */ = {isa = PBXBuildFile; fileRef = 9705147C29676C14004C4EF3 /* SettingsView.swift */; };
		9705147F296770C8004C4EF3 /* SettingsOptions.swift in Sources */ = {isa = PBXBuildFile; fileRef = 9705147E296770C8004C4EF3 /* SettingsOptions.swift */; };
		9705148129687ED4004C4EF3 /* AccountViewController.swift in Sources */ = {isa = PBXBuildFile; fileRef = 9705148029687ED4004C4EF3 /* AccountViewController.swift */; };
		9705149229688184004C4EF3 /* Account.swift in Sources */ = {isa = PBXBuildFile; fileRef = 9705149129688184004C4EF3 /* Account.swift */; };
		9705149429688280004C4EF3 /* AccountButton.swift in Sources */ = {isa = PBXBuildFile; fileRef = 9705149329688280004C4EF3 /* AccountButton.swift */; };
		970514962968DD6B004C4EF3 /* InfoView.swift in Sources */ = {isa = PBXBuildFile; fileRef = 970514952968DD6B004C4EF3 /* InfoView.swift */; };
		9743E3BA299C6EC80006D749 /* InfoViewActionType.swift in Sources */ = {isa = PBXBuildFile; fileRef = 9743E3B9299C6EC80006D749 /* InfoViewActionType.swift */; };
		9743E3BE299C95BF0006D749 /* UIApplication.swift in Sources */ = {isa = PBXBuildFile; fileRef = 9743E3BD299C95BF0006D749 /* UIApplication.swift */; };
		9743E3C0299C9BE50006D749 /* SecondaryButton.swift in Sources */ = {isa = PBXBuildFile; fileRef = 9743E3BF299C9BE50006D749 /* SecondaryButton.swift */; };
		9743E3C2299CAE600006D749 /* GoogleService-Info.plist in Resources */ = {isa = PBXBuildFile; fileRef = 9743E3C1299CAE600006D749 /* GoogleService-Info.plist */; };
		9743E3C4299D16240006D749 /* AddTypeView.swift in Sources */ = {isa = PBXBuildFile; fileRef = 9743E3C3299D16240006D749 /* AddTypeView.swift */; };
		9743E3C6299D16790006D749 /* AddType.swift in Sources */ = {isa = PBXBuildFile; fileRef = 9743E3C5299D16790006D749 /* AddType.swift */; };
		A1FE39E3204A806216C7FB92 /* Pods_LockIt.framework in Frameworks */ = {isa = PBXBuildFile; fileRef = 5BC68A7C7B248C4F67D952B1 /* Pods_LockIt.framework */; };
/* End PBXBuildFile section */

/* Begin PBXFileReference section */
		2A804C495E94197D4C908D78 /* Pods-LockIt.debug.xcconfig */ = {isa = PBXFileReference; includeInIndex = 1; lastKnownFileType = text.xcconfig; name = "Pods-LockIt.debug.xcconfig"; path = "Target Support Files/Pods-LockIt/Pods-LockIt.debug.xcconfig"; sourceTree = "<group>"; };
		5BC68A7C7B248C4F67D952B1 /* Pods_LockIt.framework */ = {isa = PBXFileReference; explicitFileType = wrapper.framework; includeInIndex = 0; path = Pods_LockIt.framework; sourceTree = BUILT_PRODUCTS_DIR; };
		782F2A172922F38500CAB4C5 /* LockIt.app */ = {isa = PBXFileReference; explicitFileType = wrapper.application; includeInIndex = 0; path = LockIt.app; sourceTree = BUILT_PRODUCTS_DIR; };
		782F2A1A2922F38600CAB4C5 /* AppDelegate.swift */ = {isa = PBXFileReference; lastKnownFileType = sourcecode.swift; path = AppDelegate.swift; sourceTree = "<group>"; };
		782F2A1C2922F38600CAB4C5 /* SceneDelegate.swift */ = {isa = PBXFileReference; lastKnownFileType = sourcecode.swift; path = SceneDelegate.swift; sourceTree = "<group>"; };
		782F2A1E2922F38600CAB4C5 /* LoginViewController.swift */ = {isa = PBXFileReference; lastKnownFileType = sourcecode.swift; path = LoginViewController.swift; sourceTree = "<group>"; };
		782F2A232922F3FD00CAB4C5 /* Assets.xcassets */ = {isa = PBXFileReference; lastKnownFileType = folder.assetcatalog; path = Assets.xcassets; sourceTree = "<group>"; };
		782F2A262922F3FD00CAB4C5 /* Base */ = {isa = PBXFileReference; lastKnownFileType = file.storyboard; name = Base; path = Base.lproj/LaunchScreen.storyboard; sourceTree = "<group>"; };
		782F2A282922F3FD00CAB4C5 /* Info.plist */ = {isa = PBXFileReference; lastKnownFileType = text.plist.xml; path = Info.plist; sourceTree = "<group>"; };
		782F2A302923091D00CAB4C5 /* MainButton.swift */ = {isa = PBXFileReference; lastKnownFileType = sourcecode.swift; path = MainButton.swift; sourceTree = "<group>"; };
		782F2A322923092C00CAB4C5 /* MainTextField.swift */ = {isa = PBXFileReference; lastKnownFileType = sourcecode.swift; path = MainTextField.swift; sourceTree = "<group>"; };
		782F2A3629230A4700CAB4C5 /* Colors.swift */ = {isa = PBXFileReference; lastKnownFileType = sourcecode.swift; path = Colors.swift; sourceTree = "<group>"; };
		782F2A3829230FC100CAB4C5 /* TextField.swift */ = {isa = PBXFileReference; lastKnownFileType = sourcecode.swift; path = TextField.swift; sourceTree = "<group>"; };
		782F2A3C2923428200CAB4C5 /* SignUpViewController.swift */ = {isa = PBXFileReference; lastKnownFileType = sourcecode.swift; path = SignUpViewController.swift; sourceTree = "<group>"; };
		784D9E48292DC57F009238AD /* UILabel.swift */ = {isa = PBXFileReference; lastKnownFileType = sourcecode.swift; path = UILabel.swift; sourceTree = "<group>"; };
		784D9E4B292DD13D009238AD /* TabBarController.swift */ = {isa = PBXFileReference; lastKnownFileType = sourcecode.swift; path = TabBarController.swift; sourceTree = "<group>"; };
		784D9E4D292DD1BE009238AD /* HomeViewController.swift */ = {isa = PBXFileReference; lastKnownFileType = sourcecode.swift; path = HomeViewController.swift; sourceTree = "<group>"; };
		784D9E4F292DD1CB009238AD /* FavoritesViewController.swift */ = {isa = PBXFileReference; lastKnownFileType = sourcecode.swift; path = FavoritesViewController.swift; sourceTree = "<group>"; };
		784D9E51292DD1D3009238AD /* AddViewController.swift */ = {isa = PBXFileReference; lastKnownFileType = sourcecode.swift; path = AddViewController.swift; sourceTree = "<group>"; };
		784D9E53292DD1DA009238AD /* GeneratorViewController.swift */ = {isa = PBXFileReference; lastKnownFileType = sourcecode.swift; path = GeneratorViewController.swift; sourceTree = "<group>"; };
		784D9E55292DD1E1009238AD /* SettingsViewController.swift */ = {isa = PBXFileReference; lastKnownFileType = sourcecode.swift; path = SettingsViewController.swift; sourceTree = "<group>"; };
		784D9E57292DD621009238AD /* BarView.swift */ = {isa = PBXFileReference; lastKnownFileType = sourcecode.swift; path = BarView.swift; sourceTree = "<group>"; };
		784D9E59292E6111009238AD /* AppleAuth.swift */ = {isa = PBXFileReference; lastKnownFileType = sourcecode.swift; path = AppleAuth.swift; sourceTree = "<group>"; };
		784D9E5B292E6127009238AD /* GoogleAuth.swift */ = {isa = PBXFileReference; lastKnownFileType = sourcecode.swift; path = GoogleAuth.swift; sourceTree = "<group>"; };
		784D9E5E292E61C6009238AD /* LockIt.entitlements */ = {isa = PBXFileReference; lastKnownFileType = text.plist.entitlements; path = LockIt.entitlements; sourceTree = "<group>"; };
		784D9E5F292E657F009238AD /* UIViewController.swift */ = {isa = PBXFileReference; lastKnownFileType = sourcecode.swift; path = UIViewController.swift; sourceTree = "<group>"; };
		7867EC74297A057C007AE227 /* StrengthType.swift */ = {isa = PBXFileReference; lastKnownFileType = sourcecode.swift; path = StrengthType.swift; sourceTree = "<group>"; };
		7867EC76297AC3FD007AE227 /* ImageNetworking.swift */ = {isa = PBXFileReference; lastKnownFileType = sourcecode.swift; path = ImageNetworking.swift; sourceTree = "<group>"; };
		7867EC78297C6594007AE227 /* Card.swift */ = {isa = PBXFileReference; lastKnownFileType = sourcecode.swift; path = Card.swift; sourceTree = "<group>"; };
		7867EC7A297C662B007AE227 /* CardType.swift */ = {isa = PBXFileReference; lastKnownFileType = sourcecode.swift; path = CardType.swift; sourceTree = "<group>"; };
		7867EC7D297C6EE9007AE227 /* CardCell.swift */ = {isa = PBXFileReference; lastKnownFileType = sourcecode.swift; path = CardCell.swift; sourceTree = "<group>"; };
		78C3E09A2923478800F7270C /* Validator.swift */ = {isa = PBXFileReference; lastKnownFileType = sourcecode.swift; path = Validator.swift; sourceTree = "<group>"; };
		78C3E09C2923487500F7270C /* Alerts.swift */ = {isa = PBXFileReference; lastKnownFileType = sourcecode.swift; path = Alerts.swift; sourceTree = "<group>"; };
		78C3E09F29234CFC00F7270C /* LoadingDialog.swift */ = {isa = PBXFileReference; lastKnownFileType = sourcecode.swift; path = LoadingDialog.swift; sourceTree = "<group>"; };
		78C3E0A12923BF3100F7270C /* ForgotPassswordViewController.swift */ = {isa = PBXFileReference; lastKnownFileType = sourcecode.swift; path = ForgotPassswordViewController.swift; sourceTree = "<group>"; };
		78C3E0A42923C32300F7270C /* FirebaseAPI.swift */ = {isa = PBXFileReference; lastKnownFileType = sourcecode.swift; path = FirebaseAPI.swift; sourceTree = "<group>"; };
		78DBE3B12930FEFD0006AE36 /* Dates.swift */ = {isa = PBXFileReference; lastKnownFileType = sourcecode.swift; path = Dates.swift; sourceTree = "<group>"; };
		78DBE3B3293100E10006AE36 /* SetupBiometrics.swift */ = {isa = PBXFileReference; lastKnownFileType = sourcecode.swift; path = SetupBiometrics.swift; sourceTree = "<group>"; };
		78DBE3B5293103FF0006AE36 /* Haptic.swift */ = {isa = PBXFileReference; lastKnownFileType = sourcecode.swift; path = Haptic.swift; sourceTree = "<group>"; };
		78DBE3B729310C750006AE36 /* Biometrics.swift */ = {isa = PBXFileReference; lastKnownFileType = sourcecode.swift; path = Biometrics.swift; sourceTree = "<group>"; };
		78DBE3B929310D240006AE36 /* UIImageView.swift */ = {isa = PBXFileReference; lastKnownFileType = sourcecode.swift; path = UIImageView.swift; sourceTree = "<group>"; };
		78DBE3BB2931186F0006AE36 /* BiometricsEntry.swift */ = {isa = PBXFileReference; lastKnownFileType = sourcecode.swift; path = BiometricsEntry.swift; sourceTree = "<group>"; };
		78DBE3BD293267BF0006AE36 /* LengthView.swift */ = {isa = PBXFileReference; lastKnownFileType = sourcecode.swift; path = LengthView.swift; sourceTree = "<group>"; };
		78DBE3BF29326E6D0006AE36 /* PreferenceView.swift */ = {isa = PBXFileReference; lastKnownFileType = sourcecode.swift; path = PreferenceView.swift; sourceTree = "<group>"; };
		78DBE3C12932712D0006AE36 /* Preference.swift */ = {isa = PBXFileReference; lastKnownFileType = sourcecode.swift; path = Preference.swift; sourceTree = "<group>"; };
		78DBE3C329327E150006AE36 /* PasswordGenerator.swift */ = {isa = PBXFileReference; lastKnownFileType = sourcecode.swift; path = PasswordGenerator.swift; sourceTree = "<group>"; };
		78DBE3C52932813A0006AE36 /* PasswordPopup.swift */ = {isa = PBXFileReference; lastKnownFileType = sourcecode.swift; path = PasswordPopup.swift; sourceTree = "<group>"; };
		94B19B9090E05A5B6A220E59 /* Pods-LockIt.release.xcconfig */ = {isa = PBXFileReference; includeInIndex = 1; lastKnownFileType = text.xcconfig; name = "Pods-LockIt.release.xcconfig"; path = "Target Support Files/Pods-LockIt/Pods-LockIt.release.xcconfig"; sourceTree = "<group>"; };
		97051470295F337B004C4EF3 /* MainOptionView.swift */ = {isa = PBXFileReference; lastKnownFileType = sourcecode.swift; path = MainOptionView.swift; sourceTree = "<group>"; };
		97051472295F4744004C4EF3 /* MainOptionViewChoice.swift */ = {isa = PBXFileReference; lastKnownFileType = sourcecode.swift; path = MainOptionViewChoice.swift; sourceTree = "<group>"; };
		97051474295F4D9F004C4EF3 /* AccountsViewController.swift */ = {isa = PBXFileReference; lastKnownFileType = sourcecode.swift; path = AccountsViewController.swift; sourceTree = "<group>"; };
		97051476295F52DD004C4EF3 /* AccountCell.swift */ = {isa = PBXFileReference; lastKnownFileType = sourcecode.swift; path = AccountCell.swift; sourceTree = "<group>"; };
		970514782964D0D9004C4EF3 /* CardsViewController.swift */ = {isa = PBXFileReference; lastKnownFileType = sourcecode.swift; path = CardsViewController.swift; sourceTree = "<group>"; };
		9705147A2965CDEA004C4EF3 /* NormalTextField.swift */ = {isa = PBXFileReference; lastKnownFileType = sourcecode.swift; path = NormalTextField.swift; sourceTree = "<group>"; };
		9705147C29676C14004C4EF3 /* SettingsView.swift */ = {isa = PBXFileReference; lastKnownFileType = sourcecode.swift; path = SettingsView.swift; sourceTree = "<group>"; };
		9705147E296770C8004C4EF3 /* SettingsOptions.swift */ = {isa = PBXFileReference; lastKnownFileType = sourcecode.swift; path = SettingsOptions.swift; sourceTree = "<group>"; };
		9705148029687ED4004C4EF3 /* AccountViewController.swift */ = {isa = PBXFileReference; lastKnownFileType = sourcecode.swift; path = AccountViewController.swift; sourceTree = "<group>"; };
		9705149129688184004C4EF3 /* Account.swift */ = {isa = PBXFileReference; lastKnownFileType = sourcecode.swift; path = Account.swift; sourceTree = "<group>"; };
		9705149329688280004C4EF3 /* AccountButton.swift */ = {isa = PBXFileReference; lastKnownFileType = sourcecode.swift; path = AccountButton.swift; sourceTree = "<group>"; };
		970514952968DD6B004C4EF3 /* InfoView.swift */ = {isa = PBXFileReference; lastKnownFileType = sourcecode.swift; path = InfoView.swift; sourceTree = "<group>"; };
		9743E3B9299C6EC80006D749 /* InfoViewActionType.swift */ = {isa = PBXFileReference; lastKnownFileType = sourcecode.swift; path = InfoViewActionType.swift; sourceTree = "<group>"; };
		9743E3BD299C95BF0006D749 /* UIApplication.swift */ = {isa = PBXFileReference; lastKnownFileType = sourcecode.swift; path = UIApplication.swift; sourceTree = "<group>"; };
		9743E3BF299C9BE50006D749 /* SecondaryButton.swift */ = {isa = PBXFileReference; lastKnownFileType = sourcecode.swift; path = SecondaryButton.swift; sourceTree = "<group>"; };
		9743E3C1299CAE600006D749 /* GoogleService-Info.plist */ = {isa = PBXFileReference; fileEncoding = 4; lastKnownFileType = text.plist.xml; path = "GoogleService-Info.plist"; sourceTree = "<group>"; };
		9743E3C3299D16240006D749 /* AddTypeView.swift */ = {isa = PBXFileReference; lastKnownFileType = sourcecode.swift; path = AddTypeView.swift; sourceTree = "<group>"; };
		9743E3C5299D16790006D749 /* AddType.swift */ = {isa = PBXFileReference; lastKnownFileType = sourcecode.swift; path = AddType.swift; sourceTree = "<group>"; };
/* End PBXFileReference section */

/* Begin PBXFrameworksBuildPhase section */
		782F2A142922F38500CAB4C5 /* Frameworks */ = {
			isa = PBXFrameworksBuildPhase;
			buildActionMask = 2147483647;
			files = (
				A1FE39E3204A806216C7FB92 /* Pods_LockIt.framework in Frameworks */,
			);
			runOnlyForDeploymentPostprocessing = 0;
		};
/* End PBXFrameworksBuildPhase section */

/* Begin PBXGroup section */
		70F09EF36D88236D1B5E40A2 /* Frameworks */ = {
			isa = PBXGroup;
			children = (
				5BC68A7C7B248C4F67D952B1 /* Pods_LockIt.framework */,
			);
			name = Frameworks;
			sourceTree = "<group>";
		};
		782F2A0E2922F38500CAB4C5 = {
			isa = PBXGroup;
			children = (
				782F2A192922F38600CAB4C5 /* LockIt */,
				782F2A182922F38500CAB4C5 /* Products */,
				E39100787D1B5ED0F3A3FD90 /* Pods */,
				70F09EF36D88236D1B5E40A2 /* Frameworks */,
			);
			sourceTree = "<group>";
		};
		782F2A182922F38500CAB4C5 /* Products */ = {
			isa = PBXGroup;
			children = (
				782F2A172922F38500CAB4C5 /* LockIt.app */,
			);
			name = Products;
			sourceTree = "<group>";
		};
		782F2A192922F38600CAB4C5 /* LockIt */ = {
			isa = PBXGroup;
			children = (
				784D9E5E292E61C6009238AD /* LockIt.entitlements */,
				782F2A1A2922F38600CAB4C5 /* AppDelegate.swift */,
				782F2A1C2922F38600CAB4C5 /* SceneDelegate.swift */,
				9705149029688175004C4EF3 /* Models */,
				782F2A2F2923090900CAB4C5 /* Utils */,
				782F2A2E292308AF00CAB4C5 /* Auth */,
				784D9E4A292DD129009238AD /* TabBar */,
				78C3E0A32923C0EF00F7270C /* Networking */,
				782F2A232922F3FD00CAB4C5 /* Assets.xcassets */,
				782F2A252922F3FD00CAB4C5 /* LaunchScreen.storyboard */,
				9743E3C1299CAE600006D749 /* GoogleService-Info.plist */,
				782F2A282922F3FD00CAB4C5 /* Info.plist */,
			);
			path = LockIt;
			sourceTree = "<group>";
		};
		782F2A2E292308AF00CAB4C5 /* Auth */ = {
			isa = PBXGroup;
			children = (
				97051487296880AE004C4EF3 /* Sign In */,
				970514852968809B004C4EF3 /* Registration */,
				97051486296880A6004C4EF3 /* Forgot Password */,
				97051488296880B5004C4EF3 /* Biometrics */,
			);
			path = Auth;
			sourceTree = "<group>";
		};
		782F2A2F2923090900CAB4C5 /* Utils */ = {
			isa = PBXGroup;
			children = (
				9705148E29688131004C4EF3 /* Cells */,
				9705148429688021004C4EF3 /* Helpers */,
				9705148229687F3E004C4EF3 /* ReusableUI */,
				9705148329687F79004C4EF3 /* Views */,
			);
			path = Utils;
			sourceTree = "<group>";
		};
		784D9E4A292DD129009238AD /* TabBar */ = {
			isa = PBXGroup;
			children = (
				784D9E4B292DD13D009238AD /* TabBarController.swift */,
				97051489296880D2004C4EF3 /* Home */,
				9705148A296880DF004C4EF3 /* Favorites */,
				9705148B296880E5004C4EF3 /* Create */,
				9705148C296880EA004C4EF3 /* Generator */,
				9705148D296880F3004C4EF3 /* Settings */,
			);
			path = TabBar;
			sourceTree = "<group>";
		};
		784D9E5D292E612C009238AD /* Third Party */ = {
			isa = PBXGroup;
			children = (
				784D9E59292E6111009238AD /* AppleAuth.swift */,
				784D9E5B292E6127009238AD /* GoogleAuth.swift */,
			);
			path = "Third Party";
			sourceTree = "<group>";
		};
		7867EC7C297C6ED9007AE227 /* UICollectionView */ = {
			isa = PBXGroup;
			children = (
				7867EC7D297C6EE9007AE227 /* CardCell.swift */,
			);
			path = UICollectionView;
			sourceTree = "<group>";
		};
		78C3E0A32923C0EF00F7270C /* Networking */ = {
			isa = PBXGroup;
			children = (
				78C3E0A42923C32300F7270C /* FirebaseAPI.swift */,
				784D9E5D292E612C009238AD /* Third Party */,
				7867EC76297AC3FD007AE227 /* ImageNetworking.swift */,
			);
			path = Networking;
			sourceTree = "<group>";
		};
		9705148229687F3E004C4EF3 /* ReusableUI */ = {
			isa = PBXGroup;
			children = (
				782F2A302923091D00CAB4C5 /* MainButton.swift */,
				9743E3BF299C9BE50006D749 /* SecondaryButton.swift */,
				782F2A322923092C00CAB4C5 /* MainTextField.swift */,
				782F2A3829230FC100CAB4C5 /* TextField.swift */,
				9705147A2965CDEA004C4EF3 /* NormalTextField.swift */,
				9705149329688280004C4EF3 /* AccountButton.swift */,
			);
			path = ReusableUI;
			sourceTree = "<group>";
		};
		9705148329687F79004C4EF3 /* Views */ = {
			isa = PBXGroup;
			children = (
				9705147E296770C8004C4EF3 /* SettingsOptions.swift */,
				9705147C29676C14004C4EF3 /* SettingsView.swift */,
				97051472295F4744004C4EF3 /* MainOptionViewChoice.swift */,
				78DBE3BD293267BF0006AE36 /* LengthView.swift */,
				78DBE3C12932712D0006AE36 /* Preference.swift */,
				78DBE3BF29326E6D0006AE36 /* PreferenceView.swift */,
				78DBE3C52932813A0006AE36 /* PasswordPopup.swift */,
				97051470295F337B004C4EF3 /* MainOptionView.swift */,
				970514952968DD6B004C4EF3 /* InfoView.swift */,
				9743E3C3299D16240006D749 /* AddTypeView.swift */,
			);
			path = Views;
			sourceTree = "<group>";
		};
		9705148429688021004C4EF3 /* Helpers */ = {
			isa = PBXGroup;
			children = (
				78C3E09A2923478800F7270C /* Validator.swift */,
				782F2A3629230A4700CAB4C5 /* Colors.swift */,
				78C3E09C2923487500F7270C /* Alerts.swift */,
				78C3E09F29234CFC00F7270C /* LoadingDialog.swift */,
				784D9E48292DC57F009238AD /* UILabel.swift */,
				784D9E57292DD621009238AD /* BarView.swift */,
				784D9E5F292E657F009238AD /* UIViewController.swift */,
				78DBE3B12930FEFD0006AE36 /* Dates.swift */,
				78DBE3B5293103FF0006AE36 /* Haptic.swift */,
				78DBE3B729310C750006AE36 /* Biometrics.swift */,
				78DBE3B929310D240006AE36 /* UIImageView.swift */,
				78DBE3C329327E150006AE36 /* PasswordGenerator.swift */,
				9743E3BD299C95BF0006D749 /* UIApplication.swift */,
			);
			path = Helpers;
			sourceTree = "<group>";
		};
		970514852968809B004C4EF3 /* Registration */ = {
			isa = PBXGroup;
			children = (
				782F2A3C2923428200CAB4C5 /* SignUpViewController.swift */,
				78DBE3B3293100E10006AE36 /* SetupBiometrics.swift */,
			);
			path = Registration;
			sourceTree = "<group>";
		};
		97051486296880A6004C4EF3 /* Forgot Password */ = {
			isa = PBXGroup;
			children = (
				78C3E0A12923BF3100F7270C /* ForgotPassswordViewController.swift */,
			);
			path = "Forgot Password";
			sourceTree = "<group>";
		};
		97051487296880AE004C4EF3 /* Sign In */ = {
			isa = PBXGroup;
			children = (
				782F2A1E2922F38600CAB4C5 /* LoginViewController.swift */,
			);
			path = "Sign In";
			sourceTree = "<group>";
		};
		97051488296880B5004C4EF3 /* Biometrics */ = {
			isa = PBXGroup;
			children = (
				78DBE3BB2931186F0006AE36 /* BiometricsEntry.swift */,
			);
			path = Biometrics;
			sourceTree = "<group>";
		};
		97051489296880D2004C4EF3 /* Home */ = {
			isa = PBXGroup;
			children = (
				784D9E4D292DD1BE009238AD /* HomeViewController.swift */,
				97051474295F4D9F004C4EF3 /* AccountsViewController.swift */,
				9705148029687ED4004C4EF3 /* AccountViewController.swift */,
				970514782964D0D9004C4EF3 /* CardsViewController.swift */,
			);
			path = Home;
			sourceTree = "<group>";
		};
		9705148A296880DF004C4EF3 /* Favorites */ = {
			isa = PBXGroup;
			children = (
				784D9E4F292DD1CB009238AD /* FavoritesViewController.swift */,
			);
			path = Favorites;
			sourceTree = "<group>";
		};
		9705148B296880E5004C4EF3 /* Create */ = {
			isa = PBXGroup;
			children = (
				784D9E51292DD1D3009238AD /* AddViewController.swift */,
			);
			path = Create;
			sourceTree = "<group>";
		};
		9705148C296880EA004C4EF3 /* Generator */ = {
			isa = PBXGroup;
			children = (
				784D9E53292DD1DA009238AD /* GeneratorViewController.swift */,
			);
			path = Generator;
			sourceTree = "<group>";
		};
		9705148D296880F3004C4EF3 /* Settings */ = {
			isa = PBXGroup;
			children = (
				784D9E55292DD1E1009238AD /* SettingsViewController.swift */,
			);
			path = Settings;
			sourceTree = "<group>";
		};
		9705148E29688131004C4EF3 /* Cells */ = {
			isa = PBXGroup;
			children = (
				7867EC7C297C6ED9007AE227 /* UICollectionView */,
				9705148F29688139004C4EF3 /* UITableView */,
			);
			path = Cells;
			sourceTree = "<group>";
		};
		9705148F29688139004C4EF3 /* UITableView */ = {
			isa = PBXGroup;
			children = (
				97051476295F52DD004C4EF3 /* AccountCell.swift */,
			);
			path = UITableView;
			sourceTree = "<group>";
		};
		9705149029688175004C4EF3 /* Models */ = {
			isa = PBXGroup;
			children = (
				9705149129688184004C4EF3 /* Account.swift */,
				7867EC78297C6594007AE227 /* Card.swift */,
				7867EC74297A057C007AE227 /* StrengthType.swift */,
				7867EC7A297C662B007AE227 /* CardType.swift */,
				9743E3B9299C6EC80006D749 /* InfoViewActionType.swift */,
				9743E3C5299D16790006D749 /* AddType.swift */,
			);
			path = Models;
			sourceTree = "<group>";
		};
		E39100787D1B5ED0F3A3FD90 /* Pods */ = {
			isa = PBXGroup;
			children = (
				2A804C495E94197D4C908D78 /* Pods-LockIt.debug.xcconfig */,
				94B19B9090E05A5B6A220E59 /* Pods-LockIt.release.xcconfig */,
			);
			path = Pods;
			sourceTree = "<group>";
		};
/* End PBXGroup section */

/* Begin PBXNativeTarget section */
		782F2A162922F38500CAB4C5 /* LockIt */ = {
			isa = PBXNativeTarget;
			buildConfigurationList = 782F2A2B2922F3FD00CAB4C5 /* Build configuration list for PBXNativeTarget "LockIt" */;
			buildPhases = (
				21BAE28DE5C537579E2D3574 /* [CP] Check Pods Manifest.lock */,
				782F2A132922F38500CAB4C5 /* Sources */,
				782F2A142922F38500CAB4C5 /* Frameworks */,
				782F2A152922F38500CAB4C5 /* Resources */,
				BB0A59F187025386525E1594 /* [CP] Embed Pods Frameworks */,
			);
			buildRules = (
			);
			dependencies = (
			);
			name = LockIt;
			productName = LockIt;
			productReference = 782F2A172922F38500CAB4C5 /* LockIt.app */;
			productType = "com.apple.product-type.application";
		};
/* End PBXNativeTarget section */

/* Begin PBXProject section */
		782F2A0F2922F38500CAB4C5 /* Project object */ = {
			isa = PBXProject;
			attributes = {
				BuildIndependentTargetsInParallel = 1;
				LastSwiftUpdateCheck = 1410;
				LastUpgradeCheck = 1410;
				TargetAttributes = {
					782F2A162922F38500CAB4C5 = {
						CreatedOnToolsVersion = 14.1;
					};
				};
			};
			buildConfigurationList = 782F2A122922F38500CAB4C5 /* Build configuration list for PBXProject "LockIt" */;
			compatibilityVersion = "Xcode 13.0";
			developmentRegion = en;
			hasScannedForEncodings = 0;
			knownRegions = (
				en,
				Base,
			);
			mainGroup = 782F2A0E2922F38500CAB4C5;
			productRefGroup = 782F2A182922F38500CAB4C5 /* Products */;
			projectDirPath = "";
			projectRoot = "";
			targets = (
				782F2A162922F38500CAB4C5 /* LockIt */,
			);
		};
/* End PBXProject section */

/* Begin PBXResourcesBuildPhase section */
		782F2A152922F38500CAB4C5 /* Resources */ = {
			isa = PBXResourcesBuildPhase;
			buildActionMask = 2147483647;
			files = (
				782F2A272922F3FD00CAB4C5 /* LaunchScreen.storyboard in Resources */,
				782F2A242922F3FD00CAB4C5 /* Assets.xcassets in Resources */,
				9743E3C2299CAE600006D749 /* GoogleService-Info.plist in Resources */,
			);
			runOnlyForDeploymentPostprocessing = 0;
		};
/* End PBXResourcesBuildPhase section */

/* Begin PBXShellScriptBuildPhase section */
		21BAE28DE5C537579E2D3574 /* [CP] Check Pods Manifest.lock */ = {
			isa = PBXShellScriptBuildPhase;
			buildActionMask = 2147483647;
			files = (
			);
			inputFileListPaths = (
			);
			inputPaths = (
				"${PODS_PODFILE_DIR_PATH}/Podfile.lock",
				"${PODS_ROOT}/Manifest.lock",
			);
			name = "[CP] Check Pods Manifest.lock";
			outputFileListPaths = (
			);
			outputPaths = (
				"$(DERIVED_FILE_DIR)/Pods-LockIt-checkManifestLockResult.txt",
			);
			runOnlyForDeploymentPostprocessing = 0;
			shellPath = /bin/sh;
			shellScript = "diff \"${PODS_PODFILE_DIR_PATH}/Podfile.lock\" \"${PODS_ROOT}/Manifest.lock\" > /dev/null\nif [ $? != 0 ] ; then\n    # print error to STDERR\n    echo \"error: The sandbox is not in sync with the Podfile.lock. Run 'pod install' or update your CocoaPods installation.\" >&2\n    exit 1\nfi\n# This output is used by Xcode 'outputs' to avoid re-running this script phase.\necho \"SUCCESS\" > \"${SCRIPT_OUTPUT_FILE_0}\"\n";
			showEnvVarsInLog = 0;
		};
		BB0A59F187025386525E1594 /* [CP] Embed Pods Frameworks */ = {
			isa = PBXShellScriptBuildPhase;
			buildActionMask = 2147483647;
			files = (
			);
			inputFileListPaths = (
				"${PODS_ROOT}/Target Support Files/Pods-LockIt/Pods-LockIt-frameworks-${CONFIGURATION}-input-files.xcfilelist",
			);
			name = "[CP] Embed Pods Frameworks";
			outputFileListPaths = (
				"${PODS_ROOT}/Target Support Files/Pods-LockIt/Pods-LockIt-frameworks-${CONFIGURATION}-output-files.xcfilelist",
			);
			runOnlyForDeploymentPostprocessing = 0;
			shellPath = /bin/sh;
			shellScript = "\"${PODS_ROOT}/Target Support Files/Pods-LockIt/Pods-LockIt-frameworks.sh\"\n";
			showEnvVarsInLog = 0;
		};
/* End PBXShellScriptBuildPhase section */

/* Begin PBXSourcesBuildPhase section */
		782F2A132922F38500CAB4C5 /* Sources */ = {
			isa = PBXSourcesBuildPhase;
			buildActionMask = 2147483647;
			files = (
				9743E3C0299C9BE50006D749 /* SecondaryButton.swift in Sources */,
				9743E3BE299C95BF0006D749 /* UIApplication.swift in Sources */,
				9743E3C4299D16240006D749 /* AddTypeView.swift in Sources */,
				78DBE3B829310C750006AE36 /* Biometrics.swift in Sources */,
				97051477295F52DD004C4EF3 /* AccountCell.swift in Sources */,
				97051473295F4744004C4EF3 /* MainOptionViewChoice.swift in Sources */,
				78DBE3B6293103FF0006AE36 /* Haptic.swift in Sources */,
				782F2A312923091D00CAB4C5 /* MainButton.swift in Sources */,
				784D9E4C292DD13D009238AD /* TabBarController.swift in Sources */,
				7867EC77297AC3FD007AE227 /* ImageNetworking.swift in Sources */,
				97051471295F337B004C4EF3 /* MainOptionView.swift in Sources */,
				784D9E5C292E6127009238AD /* GoogleAuth.swift in Sources */,
				784D9E56292DD1E1009238AD /* SettingsViewController.swift in Sources */,
				784D9E60292E657F009238AD /* UIViewController.swift in Sources */,
				7867EC7E297C6EE9007AE227 /* CardCell.swift in Sources */,
				782F2A332923092C00CAB4C5 /* MainTextField.swift in Sources */,
				78DBE3BE293267BF0006AE36 /* LengthView.swift in Sources */,
				9705147D29676C14004C4EF3 /* SettingsView.swift in Sources */,
				784D9E4E292DD1BE009238AD /* HomeViewController.swift in Sources */,
				9705148129687ED4004C4EF3 /* AccountViewController.swift in Sources */,
				782F2A3D2923428200CAB4C5 /* SignUpViewController.swift in Sources */,
				7867EC7B297C662B007AE227 /* CardType.swift in Sources */,
				970514962968DD6B004C4EF3 /* InfoView.swift in Sources */,
				782F2A1F2922F38600CAB4C5 /* LoginViewController.swift in Sources */,
				784D9E54292DD1DA009238AD /* GeneratorViewController.swift in Sources */,
				78DBE3C429327E150006AE36 /* PasswordGenerator.swift in Sources */,
				78C3E0A029234CFC00F7270C /* LoadingDialog.swift in Sources */,
				782F2A3929230FC100CAB4C5 /* TextField.swift in Sources */,
				78DBE3BC2931186F0006AE36 /* BiometricsEntry.swift in Sources */,
				9743E3BA299C6EC80006D749 /* InfoViewActionType.swift in Sources */,
				78DBE3C62932813A0006AE36 /* PasswordPopup.swift in Sources */,
				784D9E52292DD1D4009238AD /* AddViewController.swift in Sources */,
				78DBE3C22932712D0006AE36 /* Preference.swift in Sources */,
				7867EC79297C6594007AE227 /* Card.swift in Sources */,
				9705149429688280004C4EF3 /* AccountButton.swift in Sources */,
				784D9E58292DD621009238AD /* BarView.swift in Sources */,
				9743E3C6299D16790006D749 /* AddType.swift in Sources */,
				784D9E5A292E6111009238AD /* AppleAuth.swift in Sources */,
				782F2A3729230A4700CAB4C5 /* Colors.swift in Sources */,
				78DBE3B4293100E10006AE36 /* SetupBiometrics.swift in Sources */,
				970514792964D0D9004C4EF3 /* CardsViewController.swift in Sources */,
				9705149229688184004C4EF3 /* Account.swift in Sources */,
				784D9E50292DD1CB009238AD /* FavoritesViewController.swift in Sources */,
				78DBE3BA29310D240006AE36 /* UIImageView.swift in Sources */,
				78C3E0A22923BF3100F7270C /* ForgotPassswordViewController.swift in Sources */,
				9705147F296770C8004C4EF3 /* SettingsOptions.swift in Sources */,
				78C3E0A52923C32300F7270C /* FirebaseAPI.swift in Sources */,
				784D9E49292DC57F009238AD /* UILabel.swift in Sources */,
				78DBE3B22930FEFD0006AE36 /* Dates.swift in Sources */,
				78C3E09B2923478800F7270C /* Validator.swift in Sources */,
				97051475295F4D9F004C4EF3 /* AccountsViewController.swift in Sources */,
				782F2A1B2922F38600CAB4C5 /* AppDelegate.swift in Sources */,
				78C3E09D2923487500F7270C /* Alerts.swift in Sources */,
				782F2A1D2922F38600CAB4C5 /* SceneDelegate.swift in Sources */,
				9705147B2965CDEA004C4EF3 /* NormalTextField.swift in Sources */,
				7867EC75297A057C007AE227 /* StrengthType.swift in Sources */,
				78DBE3C029326E6D0006AE36 /* PreferenceView.swift in Sources */,
			);
			runOnlyForDeploymentPostprocessing = 0;
		};
/* End PBXSourcesBuildPhase section */

/* Begin PBXVariantGroup section */
		782F2A252922F3FD00CAB4C5 /* LaunchScreen.storyboard */ = {
			isa = PBXVariantGroup;
			children = (
				782F2A262922F3FD00CAB4C5 /* Base */,
			);
			name = LaunchScreen.storyboard;
			sourceTree = "<group>";
		};
/* End PBXVariantGroup section */

/* Begin XCBuildConfiguration section */
		782F2A292922F3FD00CAB4C5 /* Debug */ = {
			isa = XCBuildConfiguration;
			buildSettings = {
				ALWAYS_SEARCH_USER_PATHS = NO;
				CLANG_ANALYZER_NONNULL = YES;
				CLANG_ANALYZER_NUMBER_OBJECT_CONVERSION = YES_AGGRESSIVE;
				CLANG_CXX_LANGUAGE_STANDARD = "gnu++20";
				CLANG_ENABLE_MODULES = YES;
				CLANG_ENABLE_OBJC_ARC = YES;
				CLANG_ENABLE_OBJC_WEAK = YES;
				CLANG_WARN_BLOCK_CAPTURE_AUTORELEASING = YES;
				CLANG_WARN_BOOL_CONVERSION = YES;
				CLANG_WARN_COMMA = YES;
				CLANG_WARN_CONSTANT_CONVERSION = YES;
				CLANG_WARN_DEPRECATED_OBJC_IMPLEMENTATIONS = YES;
				CLANG_WARN_DIRECT_OBJC_ISA_USAGE = YES_ERROR;
				CLANG_WARN_DOCUMENTATION_COMMENTS = YES;
				CLANG_WARN_EMPTY_BODY = YES;
				CLANG_WARN_ENUM_CONVERSION = YES;
				CLANG_WARN_INFINITE_RECURSION = YES;
				CLANG_WARN_INT_CONVERSION = YES;
				CLANG_WARN_NON_LITERAL_NULL_CONVERSION = YES;
				CLANG_WARN_OBJC_IMPLICIT_RETAIN_SELF = YES;
				CLANG_WARN_OBJC_LITERAL_CONVERSION = YES;
				CLANG_WARN_OBJC_ROOT_CLASS = YES_ERROR;
				CLANG_WARN_QUOTED_INCLUDE_IN_FRAMEWORK_HEADER = YES;
				CLANG_WARN_RANGE_LOOP_ANALYSIS = YES;
				CLANG_WARN_STRICT_PROTOTYPES = YES;
				CLANG_WARN_SUSPICIOUS_MOVE = YES;
				CLANG_WARN_UNGUARDED_AVAILABILITY = YES_AGGRESSIVE;
				CLANG_WARN_UNREACHABLE_CODE = YES;
				CLANG_WARN__DUPLICATE_METHOD_MATCH = YES;
				COPY_PHASE_STRIP = NO;
				DEBUG_INFORMATION_FORMAT = dwarf;
				ENABLE_STRICT_OBJC_MSGSEND = YES;
				ENABLE_TESTABILITY = YES;
				GCC_C_LANGUAGE_STANDARD = gnu11;
				GCC_DYNAMIC_NO_PIC = NO;
				GCC_NO_COMMON_BLOCKS = YES;
				GCC_OPTIMIZATION_LEVEL = 0;
				GCC_PREPROCESSOR_DEFINITIONS = (
					"DEBUG=1",
					"$(inherited)",
				);
				GCC_WARN_64_TO_32_BIT_CONVERSION = YES;
				GCC_WARN_ABOUT_RETURN_TYPE = YES_ERROR;
				GCC_WARN_UNDECLARED_SELECTOR = YES;
				GCC_WARN_UNINITIALIZED_AUTOS = YES_AGGRESSIVE;
				GCC_WARN_UNUSED_FUNCTION = YES;
				GCC_WARN_UNUSED_VARIABLE = YES;
				IPHONEOS_DEPLOYMENT_TARGET = 16.1;
				MTL_ENABLE_DEBUG_INFO = INCLUDE_SOURCE;
				MTL_FAST_MATH = YES;
				ONLY_ACTIVE_ARCH = YES;
				SDKROOT = iphoneos;
				SWIFT_ACTIVE_COMPILATION_CONDITIONS = DEBUG;
				SWIFT_OPTIMIZATION_LEVEL = "-Onone";
			};
			name = Debug;
		};
		782F2A2A2922F3FD00CAB4C5 /* Release */ = {
			isa = XCBuildConfiguration;
			buildSettings = {
				ALWAYS_SEARCH_USER_PATHS = NO;
				CLANG_ANALYZER_NONNULL = YES;
				CLANG_ANALYZER_NUMBER_OBJECT_CONVERSION = YES_AGGRESSIVE;
				CLANG_CXX_LANGUAGE_STANDARD = "gnu++20";
				CLANG_ENABLE_MODULES = YES;
				CLANG_ENABLE_OBJC_ARC = YES;
				CLANG_ENABLE_OBJC_WEAK = YES;
				CLANG_WARN_BLOCK_CAPTURE_AUTORELEASING = YES;
				CLANG_WARN_BOOL_CONVERSION = YES;
				CLANG_WARN_COMMA = YES;
				CLANG_WARN_CONSTANT_CONVERSION = YES;
				CLANG_WARN_DEPRECATED_OBJC_IMPLEMENTATIONS = YES;
				CLANG_WARN_DIRECT_OBJC_ISA_USAGE = YES_ERROR;
				CLANG_WARN_DOCUMENTATION_COMMENTS = YES;
				CLANG_WARN_EMPTY_BODY = YES;
				CLANG_WARN_ENUM_CONVERSION = YES;
				CLANG_WARN_INFINITE_RECURSION = YES;
				CLANG_WARN_INT_CONVERSION = YES;
				CLANG_WARN_NON_LITERAL_NULL_CONVERSION = YES;
				CLANG_WARN_OBJC_IMPLICIT_RETAIN_SELF = YES;
				CLANG_WARN_OBJC_LITERAL_CONVERSION = YES;
				CLANG_WARN_OBJC_ROOT_CLASS = YES_ERROR;
				CLANG_WARN_QUOTED_INCLUDE_IN_FRAMEWORK_HEADER = YES;
				CLANG_WARN_RANGE_LOOP_ANALYSIS = YES;
				CLANG_WARN_STRICT_PROTOTYPES = YES;
				CLANG_WARN_SUSPICIOUS_MOVE = YES;
				CLANG_WARN_UNGUARDED_AVAILABILITY = YES_AGGRESSIVE;
				CLANG_WARN_UNREACHABLE_CODE = YES;
				CLANG_WARN__DUPLICATE_METHOD_MATCH = YES;
				COPY_PHASE_STRIP = NO;
				DEBUG_INFORMATION_FORMAT = "dwarf-with-dsym";
				ENABLE_NS_ASSERTIONS = NO;
				ENABLE_STRICT_OBJC_MSGSEND = YES;
				GCC_C_LANGUAGE_STANDARD = gnu11;
				GCC_NO_COMMON_BLOCKS = YES;
				GCC_WARN_64_TO_32_BIT_CONVERSION = YES;
				GCC_WARN_ABOUT_RETURN_TYPE = YES_ERROR;
				GCC_WARN_UNDECLARED_SELECTOR = YES;
				GCC_WARN_UNINITIALIZED_AUTOS = YES_AGGRESSIVE;
				GCC_WARN_UNUSED_FUNCTION = YES;
				GCC_WARN_UNUSED_VARIABLE = YES;
				IPHONEOS_DEPLOYMENT_TARGET = 16.1;
				MTL_ENABLE_DEBUG_INFO = NO;
				MTL_FAST_MATH = YES;
				SDKROOT = iphoneos;
				SWIFT_COMPILATION_MODE = wholemodule;
				SWIFT_OPTIMIZATION_LEVEL = "-O";
				VALIDATE_PRODUCT = YES;
			};
			name = Release;
		};
		782F2A2C2922F3FD00CAB4C5 /* Debug */ = {
			isa = XCBuildConfiguration;
			baseConfigurationReference = 2A804C495E94197D4C908D78 /* Pods-LockIt.debug.xcconfig */;
			buildSettings = {
				ASSETCATALOG_COMPILER_APPICON_NAME = AppIcon;
				ASSETCATALOG_COMPILER_GLOBAL_ACCENT_COLOR_NAME = AccentColor;
				CODE_SIGN_ENTITLEMENTS = LockIt/LockIt.entitlements;
				CODE_SIGN_STYLE = Automatic;
				CURRENT_PROJECT_VERSION = 1;
				DEVELOPMENT_TEAM = ZH735L9VC9;
				GENERATE_INFOPLIST_FILE = YES;
				INFOPLIST_FILE = LockIt/Info.plist;
				INFOPLIST_KEY_NSFaceIDUsageDescription = "Please allow FaceID so you can sign in securely";
				INFOPLIST_KEY_UIApplicationSupportsIndirectInputEvents = YES;
				INFOPLIST_KEY_UILaunchStoryboardName = LaunchScreen;
				INFOPLIST_KEY_UISupportedInterfaceOrientations = "UIInterfaceOrientationLandscapeLeft UIInterfaceOrientationLandscapeRight UIInterfaceOrientationPortrait";
				INFOPLIST_KEY_UISupportedInterfaceOrientations_iPad = "UIInterfaceOrientationLandscapeLeft UIInterfaceOrientationLandscapeRight UIInterfaceOrientationPortrait UIInterfaceOrientationPortraitUpsideDown";
				IPHONEOS_DEPLOYMENT_TARGET = 15.0;
				LD_RUNPATH_SEARCH_PATHS = (
					"$(inherited)",
					"@executable_path/Frameworks",
				);
				MARKETING_VERSION = 1.0;
				PRODUCT_BUNDLE_IDENTIFIER = "Jorge-Zapata.LockIt";
				PRODUCT_NAME = "$(TARGET_NAME)";
				SWIFT_EMIT_LOC_STRINGS = YES;
				SWIFT_VERSION = 5.0;
				TARGETED_DEVICE_FAMILY = "1,2";
			};
			name = Debug;
		};
		782F2A2D2922F3FD00CAB4C5 /* Release */ = {
			isa = XCBuildConfiguration;
			baseConfigurationReference = 94B19B9090E05A5B6A220E59 /* Pods-LockIt.release.xcconfig */;
			buildSettings = {
				ASSETCATALOG_COMPILER_APPICON_NAME = AppIcon;
				ASSETCATALOG_COMPILER_GLOBAL_ACCENT_COLOR_NAME = AccentColor;
				CODE_SIGN_ENTITLEMENTS = LockIt/LockIt.entitlements;
				CODE_SIGN_STYLE = Automatic;
				CURRENT_PROJECT_VERSION = 1;
				DEVELOPMENT_TEAM = ZH735L9VC9;
				GENERATE_INFOPLIST_FILE = YES;
				INFOPLIST_FILE = LockIt/Info.plist;
				INFOPLIST_KEY_NSFaceIDUsageDescription = "Please allow FaceID so you can sign in securely";
				INFOPLIST_KEY_UIApplicationSupportsIndirectInputEvents = YES;
				INFOPLIST_KEY_UILaunchStoryboardName = LaunchScreen;
				INFOPLIST_KEY_UISupportedInterfaceOrientations = "UIInterfaceOrientationLandscapeLeft UIInterfaceOrientationLandscapeRight UIInterfaceOrientationPortrait";
				INFOPLIST_KEY_UISupportedInterfaceOrientations_iPad = "UIInterfaceOrientationLandscapeLeft UIInterfaceOrientationLandscapeRight UIInterfaceOrientationPortrait UIInterfaceOrientationPortraitUpsideDown";
				IPHONEOS_DEPLOYMENT_TARGET = 15.0;
				LD_RUNPATH_SEARCH_PATHS = (
					"$(inherited)",
					"@executable_path/Frameworks",
				);
				MARKETING_VERSION = 1.0;
				PRODUCT_BUNDLE_IDENTIFIER = "Jorge-Zapata.LockIt";
				PRODUCT_NAME = "$(TARGET_NAME)";
				SWIFT_EMIT_LOC_STRINGS = YES;
				SWIFT_VERSION = 5.0;
				TARGETED_DEVICE_FAMILY = "1,2";
			};
			name = Release;
		};
/* End XCBuildConfiguration section */

/* Begin XCConfigurationList section */
		782F2A122922F38500CAB4C5 /* Build configuration list for PBXProject "LockIt" */ = {
			isa = XCConfigurationList;
			buildConfigurations = (
				782F2A292922F3FD00CAB4C5 /* Debug */,
				782F2A2A2922F3FD00CAB4C5 /* Release */,
			);
			defaultConfigurationIsVisible = 0;
			defaultConfigurationName = Release;
		};
		782F2A2B2922F3FD00CAB4C5 /* Build configuration list for PBXNativeTarget "LockIt" */ = {
			isa = XCConfigurationList;
			buildConfigurations = (
				782F2A2C2922F3FD00CAB4C5 /* Debug */,
				782F2A2D2922F3FD00CAB4C5 /* Release */,
			);
			defaultConfigurationIsVisible = 0;
			defaultConfigurationName = Release;
		};
/* End XCConfigurationList section */
	};
	rootObject = 782F2A0F2922F38500CAB4C5 /* Project object */;
}
